// !$*UTF8*$!
{
	archiveVersion = 1;
	classes = {
	};
	objectVersion = 52;
	objects = {

/* Begin PBXBuildFile section */
		20198F0824BE1A21001442C8 /* CalendarView.swift in Sources */ = {isa = PBXBuildFile; fileRef = 20198F0724BE1A21001442C8 /* CalendarView.swift */; };
		20198F0B24BE2CA9001442C8 /* QGrid in Frameworks */ = {isa = PBXBuildFile; productRef = 20198F0A24BE2CA9001442C8 /* QGrid */; };
		20198F0D24BE5287001442C8 /* MyCalendarCell.swift in Sources */ = {isa = PBXBuildFile; fileRef = 20198F0C24BE5287001442C8 /* MyCalendarCell.swift */; };
		20198F1024BF1D84001442C8 /* CircleCell.swift in Sources */ = {isa = PBXBuildFile; fileRef = 20198F0F24BF1D84001442C8 /* CircleCell.swift */; };
		20198F1224BF1E4F001442C8 /* DateExtension.swift in Sources */ = {isa = PBXBuildFile; fileRef = 20198F1124BF1E4F001442C8 /* DateExtension.swift */; };
		20198F1824BF5913001442C8 /* ReportCard.swift in Sources */ = {isa = PBXBuildFile; fileRef = 20198F1724BF5913001442C8 /* ReportCard.swift */; };
		207C608024BE074300A6C490 /* Localizable.strings in Resources */ = {isa = PBXBuildFile; fileRef = 207C608224BE074300A6C490 /* Localizable.strings */; };
		20853B6A24BB964B00FD0BF1 /* ReportDetail.swift in Sources */ = {isa = PBXBuildFile; fileRef = 20853B6924BB964B00FD0BF1 /* ReportDetail.swift */; };
		20853B7124BCA45E00FD0BF1 /* SwiftUICharts in Frameworks */ = {isa = PBXBuildFile; productRef = 20853B7024BCA45E00FD0BF1 /* SwiftUICharts */; };
		20985FE224C8BB85000D3EE7 /* GraphView.swift in Sources */ = {isa = PBXBuildFile; fileRef = 20985FE124C8BB85000D3EE7 /* GraphView.swift */; };
		20AD7DBC24BB45A7002733A4 /* AppDelegate.swift in Sources */ = {isa = PBXBuildFile; fileRef = 20AD7DBB24BB45A7002733A4 /* AppDelegate.swift */; };
		20AD7DBE24BB45A7002733A4 /* SceneDelegate.swift in Sources */ = {isa = PBXBuildFile; fileRef = 20AD7DBD24BB45A7002733A4 /* SceneDelegate.swift */; };
		20AD7DC124BB45A7002733A4 /* HealthMonitor.xcdatamodeld in Sources */ = {isa = PBXBuildFile; fileRef = 20AD7DBF24BB45A7002733A4 /* HealthMonitor.xcdatamodeld */; };
		20AD7DC324BB45A7002733A4 /* ContentView.swift in Sources */ = {isa = PBXBuildFile; fileRef = 20AD7DC224BB45A7002733A4 /* ContentView.swift */; };
		20AD7DC524BB45A8002733A4 /* Assets.xcassets in Resources */ = {isa = PBXBuildFile; fileRef = 20AD7DC424BB45A8002733A4 /* Assets.xcassets */; };
		20AD7DC824BB45A8002733A4 /* Preview Assets.xcassets in Resources */ = {isa = PBXBuildFile; fileRef = 20AD7DC724BB45A8002733A4 /* Preview Assets.xcassets */; };
		20AD7DD624BB45A8002733A4 /* HealthMonitorTests.swift in Sources */ = {isa = PBXBuildFile; fileRef = 20AD7DD524BB45A8002733A4 /* HealthMonitorTests.swift */; };
		20AD7DE124BB45A8002733A4 /* HealthMonitorUITests.swift in Sources */ = {isa = PBXBuildFile; fileRef = 20AD7DE024BB45A8002733A4 /* HealthMonitorUITests.swift */; };
		20AD7DEF24BB46C0002733A4 /* Report.swift in Sources */ = {isa = PBXBuildFile; fileRef = 20AD7DEE24BB46C0002733A4 /* Report.swift */; };
		20AD7DF124BB48DA002733A4 /* AddReport.swift in Sources */ = {isa = PBXBuildFile; fileRef = 20AD7DF024BB48DA002733A4 /* AddReport.swift */; };
		20CB002624C86343000FCD51 /* InfoCards.swift in Sources */ = {isa = PBXBuildFile; fileRef = 20CB002524C86343000FCD51 /* InfoCards.swift */; };
		20E39A2424BCBE20004729C6 /* ReportList.swift in Sources */ = {isa = PBXBuildFile; fileRef = 20E39A2324BCBE20004729C6 /* ReportList.swift */; };
		20E39A2624BCE40E004729C6 /* Settings.swift in Sources */ = {isa = PBXBuildFile; fileRef = 20E39A2524BCE40E004729C6 /* Settings.swift */; };
/* End PBXBuildFile section */

/* Begin PBXContainerItemProxy section */
		20AD7DD224BB45A8002733A4 /* PBXContainerItemProxy */ = {
			isa = PBXContainerItemProxy;
			containerPortal = 20AD7DB024BB45A7002733A4 /* Project object */;
			proxyType = 1;
			remoteGlobalIDString = 20AD7DB724BB45A7002733A4;
			remoteInfo = HealthMonitor;
		};
		20AD7DDD24BB45A8002733A4 /* PBXContainerItemProxy */ = {
			isa = PBXContainerItemProxy;
			containerPortal = 20AD7DB024BB45A7002733A4 /* Project object */;
			proxyType = 1;
			remoteGlobalIDString = 20AD7DB724BB45A7002733A4;
			remoteInfo = HealthMonitor;
		};
/* End PBXContainerItemProxy section */

/* Begin PBXCopyFilesBuildPhase section */
		207C609824BE091900A6C490 /* Embed App Extensions */ = {
			isa = PBXCopyFilesBuildPhase;
			buildActionMask = 2147483647;
			dstPath = "";
			dstSubfolderSpec = 13;
			files = (
			);
			name = "Embed App Extensions";
			runOnlyForDeploymentPostprocessing = 0;
		};
/* End PBXCopyFilesBuildPhase section */

/* Begin PBXFileReference section */
		20198F0724BE1A21001442C8 /* CalendarView.swift */ = {isa = PBXFileReference; lastKnownFileType = sourcecode.swift; path = CalendarView.swift; sourceTree = "<group>"; };
		20198F0C24BE5287001442C8 /* MyCalendarCell.swift */ = {isa = PBXFileReference; lastKnownFileType = sourcecode.swift; path = MyCalendarCell.swift; sourceTree = "<group>"; };
		20198F0F24BF1D84001442C8 /* CircleCell.swift */ = {isa = PBXFileReference; lastKnownFileType = sourcecode.swift; path = CircleCell.swift; sourceTree = "<group>"; };
		20198F1124BF1E4F001442C8 /* DateExtension.swift */ = {isa = PBXFileReference; lastKnownFileType = sourcecode.swift; path = DateExtension.swift; sourceTree = "<group>"; };
		20198F1724BF5913001442C8 /* ReportCard.swift */ = {isa = PBXFileReference; lastKnownFileType = sourcecode.swift; path = ReportCard.swift; sourceTree = "<group>"; };
		207C608124BE074300A6C490 /* it */ = {isa = PBXFileReference; lastKnownFileType = text.plist.strings; name = it; path = it.lproj/Localizable.strings; sourceTree = "<group>"; };
		207C608924BE091900A6C490 /* NotificationCenter.framework */ = {isa = PBXFileReference; lastKnownFileType = wrapper.framework; name = NotificationCenter.framework; path = System/Library/Frameworks/NotificationCenter.framework; sourceTree = SDKROOT; };
		20853B6924BB964B00FD0BF1 /* ReportDetail.swift */ = {isa = PBXFileReference; lastKnownFileType = sourcecode.swift; path = ReportDetail.swift; sourceTree = "<group>"; };
		20985FE124C8BB85000D3EE7 /* GraphView.swift */ = {isa = PBXFileReference; lastKnownFileType = sourcecode.swift; path = GraphView.swift; sourceTree = "<group>"; };
		20AD7DB824BB45A7002733A4 /* HealthMonitor.app */ = {isa = PBXFileReference; explicitFileType = wrapper.application; includeInIndex = 0; path = HealthMonitor.app; sourceTree = BUILT_PRODUCTS_DIR; };
		20AD7DBB24BB45A7002733A4 /* AppDelegate.swift */ = {isa = PBXFileReference; lastKnownFileType = sourcecode.swift; path = AppDelegate.swift; sourceTree = "<group>"; };
		20AD7DBD24BB45A7002733A4 /* SceneDelegate.swift */ = {isa = PBXFileReference; lastKnownFileType = sourcecode.swift; path = SceneDelegate.swift; sourceTree = "<group>"; };
		20AD7DC024BB45A7002733A4 /* HealthMonitor.xcdatamodel */ = {isa = PBXFileReference; lastKnownFileType = wrapper.xcdatamodel; path = HealthMonitor.xcdatamodel; sourceTree = "<group>"; };
		20AD7DC224BB45A7002733A4 /* ContentView.swift */ = {isa = PBXFileReference; lastKnownFileType = sourcecode.swift; path = ContentView.swift; sourceTree = "<group>"; };
		20AD7DC424BB45A8002733A4 /* Assets.xcassets */ = {isa = PBXFileReference; lastKnownFileType = folder.assetcatalog; path = Assets.xcassets; sourceTree = "<group>"; };
		20AD7DC724BB45A8002733A4 /* Preview Assets.xcassets */ = {isa = PBXFileReference; lastKnownFileType = folder.assetcatalog; path = "Preview Assets.xcassets"; sourceTree = "<group>"; };
		20AD7DCC24BB45A8002733A4 /* Info.plist */ = {isa = PBXFileReference; lastKnownFileType = text.plist.xml; path = Info.plist; sourceTree = "<group>"; };
		20AD7DD124BB45A8002733A4 /* HealthMonitorTests.xctest */ = {isa = PBXFileReference; explicitFileType = wrapper.cfbundle; includeInIndex = 0; path = HealthMonitorTests.xctest; sourceTree = BUILT_PRODUCTS_DIR; };
		20AD7DD524BB45A8002733A4 /* HealthMonitorTests.swift */ = {isa = PBXFileReference; lastKnownFileType = sourcecode.swift; path = HealthMonitorTests.swift; sourceTree = "<group>"; };
		20AD7DD724BB45A8002733A4 /* Info.plist */ = {isa = PBXFileReference; lastKnownFileType = text.plist.xml; path = Info.plist; sourceTree = "<group>"; };
		20AD7DDC24BB45A8002733A4 /* HealthMonitorUITests.xctest */ = {isa = PBXFileReference; explicitFileType = wrapper.cfbundle; includeInIndex = 0; path = HealthMonitorUITests.xctest; sourceTree = BUILT_PRODUCTS_DIR; };
		20AD7DE024BB45A8002733A4 /* HealthMonitorUITests.swift */ = {isa = PBXFileReference; lastKnownFileType = sourcecode.swift; path = HealthMonitorUITests.swift; sourceTree = "<group>"; };
		20AD7DE224BB45A8002733A4 /* Info.plist */ = {isa = PBXFileReference; lastKnownFileType = text.plist.xml; path = Info.plist; sourceTree = "<group>"; };
		20AD7DEE24BB46C0002733A4 /* Report.swift */ = {isa = PBXFileReference; lastKnownFileType = sourcecode.swift; path = Report.swift; sourceTree = "<group>"; };
		20AD7DF024BB48DA002733A4 /* AddReport.swift */ = {isa = PBXFileReference; lastKnownFileType = sourcecode.swift; path = AddReport.swift; sourceTree = "<group>"; };
		20CB002524C86343000FCD51 /* InfoCards.swift */ = {isa = PBXFileReference; lastKnownFileType = sourcecode.swift; path = InfoCards.swift; sourceTree = "<group>"; };
		20E39A2324BCBE20004729C6 /* ReportList.swift */ = {isa = PBXFileReference; lastKnownFileType = sourcecode.swift; path = ReportList.swift; sourceTree = "<group>"; };
		20E39A2524BCE40E004729C6 /* Settings.swift */ = {isa = PBXFileReference; lastKnownFileType = sourcecode.swift; path = Settings.swift; sourceTree = "<group>"; };
/* End PBXFileReference section */

/* Begin PBXFrameworksBuildPhase section */
		20AD7DB524BB45A7002733A4 /* Frameworks */ = {
			isa = PBXFrameworksBuildPhase;
			buildActionMask = 2147483647;
			files = (
				20198F0B24BE2CA9001442C8 /* QGrid in Frameworks */,
				20853B7124BCA45E00FD0BF1 /* SwiftUICharts in Frameworks */,
			);
			runOnlyForDeploymentPostprocessing = 0;
		};
		20AD7DCE24BB45A8002733A4 /* Frameworks */ = {
			isa = PBXFrameworksBuildPhase;
			buildActionMask = 2147483647;
			files = (
			);
			runOnlyForDeploymentPostprocessing = 0;
		};
		20AD7DD924BB45A8002733A4 /* Frameworks */ = {
			isa = PBXFrameworksBuildPhase;
			buildActionMask = 2147483647;
			files = (
			);
			runOnlyForDeploymentPostprocessing = 0;
		};
/* End PBXFrameworksBuildPhase section */

/* Begin PBXGroup section */
		20198F0E24BE528F001442C8 /* Calendar */ = {
			isa = PBXGroup;
			children = (
				20198F1124BF1E4F001442C8 /* DateExtension.swift */,
				20198F0F24BF1D84001442C8 /* CircleCell.swift */,
				20198F1624BF382D001442C8 /* CalendarView */,
			);
			name = Calendar;
			sourceTree = "<group>";
		};
		20198F1624BF382D001442C8 /* CalendarView */ = {
			isa = PBXGroup;
			children = (
				20198F0724BE1A21001442C8 /* CalendarView.swift */,
				20198F0C24BE5287001442C8 /* MyCalendarCell.swift */,
			);
			name = CalendarView;
			sourceTree = "<group>";
		};
		207C608824BE091900A6C490 /* Frameworks */ = {
			isa = PBXGroup;
			children = (
				207C608924BE091900A6C490 /* NotificationCenter.framework */,
			);
			name = Frameworks;
			sourceTree = "<group>";
		};
		20853B6E24BC91DD00FD0BF1 /* Delegate */ = {
			isa = PBXGroup;
			children = (
				20AD7DBB24BB45A7002733A4 /* AppDelegate.swift */,
				20AD7DBD24BB45A7002733A4 /* SceneDelegate.swift */,
			);
			name = Delegate;
			sourceTree = "<group>";
		};
		20AD7DAF24BB45A7002733A4 = {
			isa = PBXGroup;
			children = (
				20AD7DBA24BB45A7002733A4 /* HealthMonitor */,
				20AD7DD424BB45A8002733A4 /* HealthMonitorTests */,
				20AD7DDF24BB45A8002733A4 /* HealthMonitorUITests */,
				207C608824BE091900A6C490 /* Frameworks */,
				20AD7DB924BB45A7002733A4 /* Products */,
			);
			sourceTree = "<group>";
		};
		20AD7DB924BB45A7002733A4 /* Products */ = {
			isa = PBXGroup;
			children = (
				20AD7DB824BB45A7002733A4 /* HealthMonitor.app */,
				20AD7DD124BB45A8002733A4 /* HealthMonitorTests.xctest */,
				20AD7DDC24BB45A8002733A4 /* HealthMonitorUITests.xctest */,
			);
			name = Products;
			sourceTree = "<group>";
		};
		20AD7DBA24BB45A7002733A4 /* HealthMonitor */ = {
			isa = PBXGroup;
			children = (
				20853B6E24BC91DD00FD0BF1 /* Delegate */,
				20E39A2724BCE417004729C6 /* ReportList */,
				20198F0E24BE528F001442C8 /* Calendar */,
				20AD7DF024BB48DA002733A4 /* AddReport.swift */,
				20AD7DC224BB45A7002733A4 /* ContentView.swift */,
				20985FE124C8BB85000D3EE7 /* GraphView.swift */,
				20CB002524C86343000FCD51 /* InfoCards.swift */,
				20E39A2524BCE40E004729C6 /* Settings.swift */,
				20AD7DEE24BB46C0002733A4 /* Report.swift */,
				207C608224BE074300A6C490 /* Localizable.strings */,
				20AD7DC424BB45A8002733A4 /* Assets.xcassets */,
				20AD7DCC24BB45A8002733A4 /* Info.plist */,
				20AD7DBF24BB45A7002733A4 /* HealthMonitor.xcdatamodeld */,
				20AD7DC624BB45A8002733A4 /* Preview Content */,
			);
			path = HealthMonitor;
			sourceTree = "<group>";
		};
		20AD7DC624BB45A8002733A4 /* Preview Content */ = {
			isa = PBXGroup;
			children = (
				20AD7DC724BB45A8002733A4 /* Preview Assets.xcassets */,
			);
			path = "Preview Content";
			sourceTree = "<group>";
		};
		20AD7DD424BB45A8002733A4 /* HealthMonitorTests */ = {
			isa = PBXGroup;
			children = (
				20AD7DD524BB45A8002733A4 /* HealthMonitorTests.swift */,
				20AD7DD724BB45A8002733A4 /* Info.plist */,
			);
			path = HealthMonitorTests;
			sourceTree = "<group>";
		};
		20AD7DDF24BB45A8002733A4 /* HealthMonitorUITests */ = {
			isa = PBXGroup;
			children = (
				20AD7DE024BB45A8002733A4 /* HealthMonitorUITests.swift */,
				20AD7DE224BB45A8002733A4 /* Info.plist */,
			);
			path = HealthMonitorUITests;
			sourceTree = "<group>";
		};
		20E39A2724BCE417004729C6 /* ReportList */ = {
			isa = PBXGroup;
			children = (
				20E39A2324BCBE20004729C6 /* ReportList.swift */,
				20853B6924BB964B00FD0BF1 /* ReportDetail.swift */,
				20198F1724BF5913001442C8 /* ReportCard.swift */,
			);
			name = ReportList;
			sourceTree = "<group>";
		};
/* End PBXGroup section */

/* Begin PBXNativeTarget section */
		20AD7DB724BB45A7002733A4 /* HealthMonitor */ = {
			isa = PBXNativeTarget;
			buildConfigurationList = 20AD7DE524BB45A8002733A4 /* Build configuration list for PBXNativeTarget "HealthMonitor" */;
			buildPhases = (
				20AD7DB424BB45A7002733A4 /* Sources */,
				20AD7DB524BB45A7002733A4 /* Frameworks */,
				20AD7DB624BB45A7002733A4 /* Resources */,
				207C609824BE091900A6C490 /* Embed App Extensions */,
			);
			buildRules = (
			);
			dependencies = (
			);
			name = HealthMonitor;
			packageProductDependencies = (
				20853B7024BCA45E00FD0BF1 /* SwiftUICharts */,
				20198F0A24BE2CA9001442C8 /* QGrid */,
			);
			productName = HealthMonitor;
			productReference = 20AD7DB824BB45A7002733A4 /* HealthMonitor.app */;
			productType = "com.apple.product-type.application";
		};
		20AD7DD024BB45A8002733A4 /* HealthMonitorTests */ = {
			isa = PBXNativeTarget;
			buildConfigurationList = 20AD7DE824BB45A8002733A4 /* Build configuration list for PBXNativeTarget "HealthMonitorTests" */;
			buildPhases = (
				20AD7DCD24BB45A8002733A4 /* Sources */,
				20AD7DCE24BB45A8002733A4 /* Frameworks */,
				20AD7DCF24BB45A8002733A4 /* Resources */,
			);
			buildRules = (
			);
			dependencies = (
				20AD7DD324BB45A8002733A4 /* PBXTargetDependency */,
			);
			name = HealthMonitorTests;
			productName = HealthMonitorTests;
			productReference = 20AD7DD124BB45A8002733A4 /* HealthMonitorTests.xctest */;
			productType = "com.apple.product-type.bundle.unit-test";
		};
		20AD7DDB24BB45A8002733A4 /* HealthMonitorUITests */ = {
			isa = PBXNativeTarget;
			buildConfigurationList = 20AD7DEB24BB45A8002733A4 /* Build configuration list for PBXNativeTarget "HealthMonitorUITests" */;
			buildPhases = (
				20AD7DD824BB45A8002733A4 /* Sources */,
				20AD7DD924BB45A8002733A4 /* Frameworks */,
				20AD7DDA24BB45A8002733A4 /* Resources */,
			);
			buildRules = (
			);
			dependencies = (
				20AD7DDE24BB45A8002733A4 /* PBXTargetDependency */,
			);
			name = HealthMonitorUITests;
			productName = HealthMonitorUITests;
			productReference = 20AD7DDC24BB45A8002733A4 /* HealthMonitorUITests.xctest */;
			productType = "com.apple.product-type.bundle.ui-testing";
		};
/* End PBXNativeTarget section */

/* Begin PBXProject section */
		20AD7DB024BB45A7002733A4 /* Project object */ = {
			isa = PBXProject;
			attributes = {
				LastSwiftUpdateCheck = 1150;
				LastUpgradeCheck = 1160;
				ORGANIZATIONNAME = "Filippo Bartolucci";
				TargetAttributes = {
					20AD7DB724BB45A7002733A4 = {
						CreatedOnToolsVersion = 11.5;
					};
					20AD7DD024BB45A8002733A4 = {
						CreatedOnToolsVersion = 11.5;
						TestTargetID = 20AD7DB724BB45A7002733A4;
					};
					20AD7DDB24BB45A8002733A4 = {
						CreatedOnToolsVersion = 11.5;
						TestTargetID = 20AD7DB724BB45A7002733A4;
					};
				};
			};
			buildConfigurationList = 20AD7DB324BB45A7002733A4 /* Build configuration list for PBXProject "HealthMonitor" */;
			compatibilityVersion = "Xcode 9.3";
			developmentRegion = en;
			hasScannedForEncodings = 0;
			knownRegions = (
				en,
				it,
				Base,
			);
			mainGroup = 20AD7DAF24BB45A7002733A4;
			packageReferences = (
				20853B6F24BCA45E00FD0BF1 /* XCRemoteSwiftPackageReference "ChartView" */,
				20198F0924BE2CA9001442C8 /* XCRemoteSwiftPackageReference "QGrid" */,
			);
			productRefGroup = 20AD7DB924BB45A7002733A4 /* Products */;
			projectDirPath = "";
			projectRoot = "";
			targets = (
				20AD7DB724BB45A7002733A4 /* HealthMonitor */,
				20AD7DD024BB45A8002733A4 /* HealthMonitorTests */,
				20AD7DDB24BB45A8002733A4 /* HealthMonitorUITests */,
			);
		};
/* End PBXProject section */

/* Begin PBXResourcesBuildPhase section */
		20AD7DB624BB45A7002733A4 /* Resources */ = {
			isa = PBXResourcesBuildPhase;
			buildActionMask = 2147483647;
			files = (
				20AD7DC824BB45A8002733A4 /* Preview Assets.xcassets in Resources */,
				207C608024BE074300A6C490 /* Localizable.strings in Resources */,
				20AD7DC524BB45A8002733A4 /* Assets.xcassets in Resources */,
			);
			runOnlyForDeploymentPostprocessing = 0;
		};
		20AD7DCF24BB45A8002733A4 /* Resources */ = {
			isa = PBXResourcesBuildPhase;
			buildActionMask = 2147483647;
			files = (
			);
			runOnlyForDeploymentPostprocessing = 0;
		};
		20AD7DDA24BB45A8002733A4 /* Resources */ = {
			isa = PBXResourcesBuildPhase;
			buildActionMask = 2147483647;
			files = (
			);
			runOnlyForDeploymentPostprocessing = 0;
		};
/* End PBXResourcesBuildPhase section */

/* Begin PBXSourcesBuildPhase section */
		20AD7DB424BB45A7002733A4 /* Sources */ = {
			isa = PBXSourcesBuildPhase;
			buildActionMask = 2147483647;
			files = (
				20198F0824BE1A21001442C8 /* CalendarView.swift in Sources */,
				20198F1224BF1E4F001442C8 /* DateExtension.swift in Sources */,
				20CB002624C86343000FCD51 /* InfoCards.swift in Sources */,
				20AD7DC124BB45A7002733A4 /* HealthMonitor.xcdatamodeld in Sources */,
				20AD7DEF24BB46C0002733A4 /* Report.swift in Sources */,
				20AD7DBC24BB45A7002733A4 /* AppDelegate.swift in Sources */,
				20E39A2624BCE40E004729C6 /* Settings.swift in Sources */,
				20853B6A24BB964B00FD0BF1 /* ReportDetail.swift in Sources */,
				20198F0D24BE5287001442C8 /* MyCalendarCell.swift in Sources */,
				20AD7DC324BB45A7002733A4 /* ContentView.swift in Sources */,
				20198F1824BF5913001442C8 /* ReportCard.swift in Sources */,
				20E39A2424BCBE20004729C6 /* ReportList.swift in Sources */,
				20985FE224C8BB85000D3EE7 /* GraphView.swift in Sources */,
				20198F1024BF1D84001442C8 /* CircleCell.swift in Sources */,
				20AD7DBE24BB45A7002733A4 /* SceneDelegate.swift in Sources */,
				20AD7DF124BB48DA002733A4 /* AddReport.swift in Sources */,
			);
			runOnlyForDeploymentPostprocessing = 0;
		};
		20AD7DCD24BB45A8002733A4 /* Sources */ = {
			isa = PBXSourcesBuildPhase;
			buildActionMask = 2147483647;
			files = (
				20AD7DD624BB45A8002733A4 /* HealthMonitorTests.swift in Sources */,
			);
			runOnlyForDeploymentPostprocessing = 0;
		};
		20AD7DD824BB45A8002733A4 /* Sources */ = {
			isa = PBXSourcesBuildPhase;
			buildActionMask = 2147483647;
			files = (
				20AD7DE124BB45A8002733A4 /* HealthMonitorUITests.swift in Sources */,
			);
			runOnlyForDeploymentPostprocessing = 0;
		};
/* End PBXSourcesBuildPhase section */

/* Begin PBXTargetDependency section */
		20AD7DD324BB45A8002733A4 /* PBXTargetDependency */ = {
			isa = PBXTargetDependency;
			target = 20AD7DB724BB45A7002733A4 /* HealthMonitor */;
			targetProxy = 20AD7DD224BB45A8002733A4 /* PBXContainerItemProxy */;
		};
		20AD7DDE24BB45A8002733A4 /* PBXTargetDependency */ = {
			isa = PBXTargetDependency;
			target = 20AD7DB724BB45A7002733A4 /* HealthMonitor */;
			targetProxy = 20AD7DDD24BB45A8002733A4 /* PBXContainerItemProxy */;
		};
/* End PBXTargetDependency section */

/* Begin PBXVariantGroup section */
		207C608224BE074300A6C490 /* Localizable.strings */ = {
			isa = PBXVariantGroup;
			children = (
				207C608124BE074300A6C490 /* it */,
			);
			name = Localizable.strings;
			sourceTree = "<group>";
		};
/* End PBXVariantGroup section */

/* Begin XCBuildConfiguration section */
		20AD7DE324BB45A8002733A4 /* Debug */ = {
			isa = XCBuildConfiguration;
			buildSettings = {
				ALWAYS_SEARCH_USER_PATHS = NO;
				CLANG_ANALYZER_LOCALIZABILITY_NONLOCALIZED = YES;
				CLANG_ANALYZER_NONNULL = YES;
				CLANG_ANALYZER_NUMBER_OBJECT_CONVERSION = YES_AGGRESSIVE;
				CLANG_CXX_LANGUAGE_STANDARD = "gnu++14";
				CLANG_CXX_LIBRARY = "libc++";
				CLANG_ENABLE_MODULES = YES;
				CLANG_ENABLE_OBJC_ARC = YES;
				CLANG_ENABLE_OBJC_WEAK = YES;
				CLANG_WARN_BLOCK_CAPTURE_AUTORELEASING = YES;
				CLANG_WARN_BOOL_CONVERSION = YES;
				CLANG_WARN_COMMA = YES;
				CLANG_WARN_CONSTANT_CONVERSION = YES;
				CLANG_WARN_DEPRECATED_OBJC_IMPLEMENTATIONS = YES;
				CLANG_WARN_DIRECT_OBJC_ISA_USAGE = YES_ERROR;
				CLANG_WARN_DOCUMENTATION_COMMENTS = YES;
				CLANG_WARN_EMPTY_BODY = YES;
				CLANG_WARN_ENUM_CONVERSION = YES;
				CLANG_WARN_INFINITE_RECURSION = YES;
				CLANG_WARN_INT_CONVERSION = YES;
				CLANG_WARN_NON_LITERAL_NULL_CONVERSION = YES;
				CLANG_WARN_OBJC_IMPLICIT_RETAIN_SELF = YES;
				CLANG_WARN_OBJC_LITERAL_CONVERSION = YES;
				CLANG_WARN_OBJC_ROOT_CLASS = YES_ERROR;
				CLANG_WARN_RANGE_LOOP_ANALYSIS = YES;
				CLANG_WARN_STRICT_PROTOTYPES = YES;
				CLANG_WARN_SUSPICIOUS_MOVE = YES;
				CLANG_WARN_UNGUARDED_AVAILABILITY = YES_AGGRESSIVE;
				CLANG_WARN_UNREACHABLE_CODE = YES;
				CLANG_WARN__DUPLICATE_METHOD_MATCH = YES;
				COPY_PHASE_STRIP = NO;
				DEBUG_INFORMATION_FORMAT = dwarf;
				ENABLE_STRICT_OBJC_MSGSEND = YES;
				ENABLE_TESTABILITY = YES;
				GCC_C_LANGUAGE_STANDARD = gnu11;
				GCC_DYNAMIC_NO_PIC = NO;
				GCC_NO_COMMON_BLOCKS = YES;
				GCC_OPTIMIZATION_LEVEL = 0;
				GCC_PREPROCESSOR_DEFINITIONS = (
					"DEBUG=1",
					"$(inherited)",
				);
				GCC_WARN_64_TO_32_BIT_CONVERSION = YES;
				GCC_WARN_ABOUT_RETURN_TYPE = YES_ERROR;
				GCC_WARN_UNDECLARED_SELECTOR = YES;
				GCC_WARN_UNINITIALIZED_AUTOS = YES_AGGRESSIVE;
				GCC_WARN_UNUSED_FUNCTION = YES;
				GCC_WARN_UNUSED_VARIABLE = YES;
				IPHONEOS_DEPLOYMENT_TARGET = 13.5;
				MTL_ENABLE_DEBUG_INFO = INCLUDE_SOURCE;
				MTL_FAST_MATH = YES;
				ONLY_ACTIVE_ARCH = YES;
				SDKROOT = iphoneos;
				SWIFT_ACTIVE_COMPILATION_CONDITIONS = DEBUG;
				SWIFT_OPTIMIZATION_LEVEL = "-Onone";
			};
			name = Debug;
		};
		20AD7DE424BB45A8002733A4 /* Release */ = {
			isa = XCBuildConfiguration;
			buildSettings = {
				ALWAYS_SEARCH_USER_PATHS = NO;
				CLANG_ANALYZER_LOCALIZABILITY_NONLOCALIZED = YES;
				CLANG_ANALYZER_NONNULL = YES;
				CLANG_ANALYZER_NUMBER_OBJECT_CONVERSION = YES_AGGRESSIVE;
				CLANG_CXX_LANGUAGE_STANDARD = "gnu++14";
				CLANG_CXX_LIBRARY = "libc++";
				CLANG_ENABLE_MODULES = YES;
				CLANG_ENABLE_OBJC_ARC = YES;
				CLANG_ENABLE_OBJC_WEAK = YES;
				CLANG_WARN_BLOCK_CAPTURE_AUTORELEASING = YES;
				CLANG_WARN_BOOL_CONVERSION = YES;
				CLANG_WARN_COMMA = YES;
				CLANG_WARN_CONSTANT_CONVERSION = YES;
				CLANG_WARN_DEPRECATED_OBJC_IMPLEMENTATIONS = YES;
				CLANG_WARN_DIRECT_OBJC_ISA_USAGE = YES_ERROR;
				CLANG_WARN_DOCUMENTATION_COMMENTS = YES;
				CLANG_WARN_EMPTY_BODY = YES;
				CLANG_WARN_ENUM_CONVERSION = YES;
				CLANG_WARN_INFINITE_RECURSION = YES;
				CLANG_WARN_INT_CONVERSION = YES;
				CLANG_WARN_NON_LITERAL_NULL_CONVERSION = YES;
				CLANG_WARN_OBJC_IMPLICIT_RETAIN_SELF = YES;
				CLANG_WARN_OBJC_LITERAL_CONVERSION = YES;
				CLANG_WARN_OBJC_ROOT_CLASS = YES_ERROR;
				CLANG_WARN_RANGE_LOOP_ANALYSIS = YES;
				CLANG_WARN_STRICT_PROTOTYPES = YES;
				CLANG_WARN_SUSPICIOUS_MOVE = YES;
				CLANG_WARN_UNGUARDED_AVAILABILITY = YES_AGGRESSIVE;
				CLANG_WARN_UNREACHABLE_CODE = YES;
				CLANG_WARN__DUPLICATE_METHOD_MATCH = YES;
				COPY_PHASE_STRIP = NO;
				DEBUG_INFORMATION_FORMAT = "dwarf-with-dsym";
				ENABLE_NS_ASSERTIONS = NO;
				ENABLE_STRICT_OBJC_MSGSEND = YES;
				GCC_C_LANGUAGE_STANDARD = gnu11;
				GCC_NO_COMMON_BLOCKS = YES;
				GCC_WARN_64_TO_32_BIT_CONVERSION = YES;
				GCC_WARN_ABOUT_RETURN_TYPE = YES_ERROR;
				GCC_WARN_UNDECLARED_SELECTOR = YES;
				GCC_WARN_UNINITIALIZED_AUTOS = YES_AGGRESSIVE;
				GCC_WARN_UNUSED_FUNCTION = YES;
				GCC_WARN_UNUSED_VARIABLE = YES;
				IPHONEOS_DEPLOYMENT_TARGET = 13.5;
				MTL_ENABLE_DEBUG_INFO = NO;
				MTL_FAST_MATH = YES;
				SDKROOT = iphoneos;
				SWIFT_COMPILATION_MODE = wholemodule;
				SWIFT_OPTIMIZATION_LEVEL = "-O";
				VALIDATE_PRODUCT = YES;
			};
			name = Release;
		};
		20AD7DE624BB45A8002733A4 /* Debug */ = {
			isa = XCBuildConfiguration;
			buildSettings = {
				ASSETCATALOG_COMPILER_APPICON_NAME = AppIcon;
				CODE_SIGN_ENTITLEMENTS = HealthMonitor/HealthMonitor.entitlements;
				CODE_SIGN_STYLE = Automatic;
				DEVELOPMENT_ASSET_PATHS = "\"HealthMonitor/Preview Content\"";
				DEVELOPMENT_TEAM = 2X58VNGWW7;
				ENABLE_PREVIEWS = YES;
				INFOPLIST_FILE = HealthMonitor/Info.plist;
				LD_RUNPATH_SEARCH_PATHS = (
					"$(inherited)",
					"@executable_path/Frameworks",
				);
				PRODUCT_BUNDLE_IDENTIFIER = lam.HealthMonitor;
				PRODUCT_NAME = "$(TARGET_NAME)";
				SUPPORTS_MACCATALYST = NO;
				SWIFT_VERSION = 5.0;
				TARGETED_DEVICE_FAMILY = "1,2";
			};
			name = Debug;
		};
		20AD7DE724BB45A8002733A4 /* Release */ = {
			isa = XCBuildConfiguration;
			buildSettings = {
				ASSETCATALOG_COMPILER_APPICON_NAME = AppIcon;
				CODE_SIGN_ENTITLEMENTS = HealthMonitor/HealthMonitor.entitlements;
				CODE_SIGN_STYLE = Automatic;
				DEVELOPMENT_ASSET_PATHS = "\"HealthMonitor/Preview Content\"";
				DEVELOPMENT_TEAM = 2X58VNGWW7;
				ENABLE_PREVIEWS = YES;
				INFOPLIST_FILE = HealthMonitor/Info.plist;
				LD_RUNPATH_SEARCH_PATHS = (
					"$(inherited)",
					"@executable_path/Frameworks",
				);
				PRODUCT_BUNDLE_IDENTIFIER = lam.HealthMonitor;
				PRODUCT_NAME = "$(TARGET_NAME)";
				SUPPORTS_MACCATALYST = NO;
				SWIFT_VERSION = 5.0;
				TARGETED_DEVICE_FAMILY = "1,2";
			};
			name = Release;
		};
		20AD7DE924BB45A8002733A4 /* Debug */ = {
			isa = XCBuildConfiguration;
			buildSettings = {
				ALWAYS_EMBED_SWIFT_STANDARD_LIBRARIES = YES;
				BUNDLE_LOADER = "$(TEST_HOST)";
				CODE_SIGN_STYLE = Automatic;
				DEVELOPMENT_TEAM = 2X58VNGWW7;
				INFOPLIST_FILE = HealthMonitorTests/Info.plist;
				IPHONEOS_DEPLOYMENT_TARGET = 13.5;
				LD_RUNPATH_SEARCH_PATHS = (
					"$(inherited)",
					"@executable_path/Frameworks",
					"@loader_path/Frameworks",
				);
				PRODUCT_BUNDLE_IDENTIFIER = lam.HealthMonitorTests;
				PRODUCT_NAME = "$(TARGET_NAME)";
				SWIFT_VERSION = 5.0;
				TARGETED_DEVICE_FAMILY = "1,2";
				TEST_HOST = "$(BUILT_PRODUCTS_DIR)/HealthMonitor.app/HealthMonitor";
			};
			name = Debug;
		};
		20AD7DEA24BB45A8002733A4 /* Release */ = {
			isa = XCBuildConfiguration;
			buildSettings = {
				ALWAYS_EMBED_SWIFT_STANDARD_LIBRARIES = YES;
				BUNDLE_LOADER = "$(TEST_HOST)";
				CODE_SIGN_STYLE = Automatic;
				DEVELOPMENT_TEAM = 2X58VNGWW7;
				INFOPLIST_FILE = HealthMonitorTests/Info.plist;
				IPHONEOS_DEPLOYMENT_TARGET = 13.5;
				LD_RUNPATH_SEARCH_PATHS = (
					"$(inherited)",
					"@executable_path/Frameworks",
					"@loader_path/Frameworks",
				);
				PRODUCT_BUNDLE_IDENTIFIER = lam.HealthMonitorTests;
				PRODUCT_NAME = "$(TARGET_NAME)";
				SWIFT_VERSION = 5.0;
				TARGETED_DEVICE_FAMILY = "1,2";
				TEST_HOST = "$(BUILT_PRODUCTS_DIR)/HealthMonitor.app/HealthMonitor";
			};
			name = Release;
		};
		20AD7DEC24BB45A8002733A4 /* Debug */ = {
			isa = XCBuildConfiguration;
			buildSettings = {
				ALWAYS_EMBED_SWIFT_STANDARD_LIBRARIES = YES;
				CODE_SIGN_STYLE = Automatic;
				DEVELOPMENT_TEAM = 2X58VNGWW7;
				INFOPLIST_FILE = HealthMonitorUITests/Info.plist;
				LD_RUNPATH_SEARCH_PATHS = (
					"$(inherited)",
					"@executable_path/Frameworks",
					"@loader_path/Frameworks",
				);
				PRODUCT_BUNDLE_IDENTIFIER = lam.HealthMonitorUITests;
				PRODUCT_NAME = "$(TARGET_NAME)";
				SWIFT_VERSION = 5.0;
				TARGETED_DEVICE_FAMILY = "1,2";
				TEST_TARGET_NAME = HealthMonitor;
			};
			name = Debug;
		};
		20AD7DED24BB45A8002733A4 /* Release */ = {
			isa = XCBuildConfiguration;
			buildSettings = {
				ALWAYS_EMBED_SWIFT_STANDARD_LIBRARIES = YES;
				CODE_SIGN_STYLE = Automatic;
				DEVELOPMENT_TEAM = 2X58VNGWW7;
				INFOPLIST_FILE = HealthMonitorUITests/Info.plist;
				LD_RUNPATH_SEARCH_PATHS = (
					"$(inherited)",
					"@executable_path/Frameworks",
					"@loader_path/Frameworks",
				);
				PRODUCT_BUNDLE_IDENTIFIER = lam.HealthMonitorUITests;
				PRODUCT_NAME = "$(TARGET_NAME)";
				SWIFT_VERSION = 5.0;
				TARGETED_DEVICE_FAMILY = "1,2";
				TEST_TARGET_NAME = HealthMonitor;
			};
			name = Release;
		};
/* End XCBuildConfiguration section */

/* Begin XCConfigurationList section */
		20AD7DB324BB45A7002733A4 /* Build configuration list for PBXProject "HealthMonitor" */ = {
			isa = XCConfigurationList;
			buildConfigurations = (
				20AD7DE324BB45A8002733A4 /* Debug */,
				20AD7DE424BB45A8002733A4 /* Release */,
			);
			defaultConfigurationIsVisible = 0;
			defaultConfigurationName = Release;
		};
		20AD7DE524BB45A8002733A4 /* Build configuration list for PBXNativeTarget "HealthMonitor" */ = {
			isa = XCConfigurationList;
			buildConfigurations = (
				20AD7DE624BB45A8002733A4 /* Debug */,
				20AD7DE724BB45A8002733A4 /* Release */,
			);
			defaultConfigurationIsVisible = 0;
			defaultConfigurationName = Release;
		};
		20AD7DE824BB45A8002733A4 /* Build configuration list for PBXNativeTarget "HealthMonitorTests" */ = {
			isa = XCConfigurationList;
			buildConfigurations = (
				20AD7DE924BB45A8002733A4 /* Debug */,
				20AD7DEA24BB45A8002733A4 /* Release */,
			);
			defaultConfigurationIsVisible = 0;
			defaultConfigurationName = Release;
		};
		20AD7DEB24BB45A8002733A4 /* Build configuration list for PBXNativeTarget "HealthMonitorUITests" */ = {
			isa = XCConfigurationList;
			buildConfigurations = (
				20AD7DEC24BB45A8002733A4 /* Debug */,
				20AD7DED24BB45A8002733A4 /* Release */,
			);
			defaultConfigurationIsVisible = 0;
			defaultConfigurationName = Release;
		};
/* End XCConfigurationList section */

/* Begin XCRemoteSwiftPackageReference section */
		20198F0924BE2CA9001442C8 /* XCRemoteSwiftPackageReference "QGrid" */ = {
			isa = XCRemoteSwiftPackageReference;
			repositoryURL = "https://github.com/Q-Mobile/QGrid";
			requirement = {
				kind = upToNextMajorVersion;
				minimumVersion = 0.1.4;
			};
		};
		20853B6F24BCA45E00FD0BF1 /* XCRemoteSwiftPackageReference "ChartView" */ = {
			isa = XCRemoteSwiftPackageReference;
			repositoryURL = "https://github.com/AppPear/ChartView";
			requirement = {
				kind = upToNextMajorVersion;
				minimumVersion = 1.5.3;
			};
		};
/* End XCRemoteSwiftPackageReference section */

/* Begin XCSwiftPackageProductDependency section */
		20198F0A24BE2CA9001442C8 /* QGrid */ = {
			isa = XCSwiftPackageProductDependency;
			package = 20198F0924BE2CA9001442C8 /* XCRemoteSwiftPackageReference "QGrid" */;
			productName = QGrid;
		};
		20853B7024BCA45E00FD0BF1 /* SwiftUICharts */ = {
			isa = XCSwiftPackageProductDependency;
			package = 20853B6F24BCA45E00FD0BF1 /* XCRemoteSwiftPackageReference "ChartView" */;
			productName = SwiftUICharts;
		};
/* End XCSwiftPackageProductDependency section */

/* Begin XCVersionGroup section */
		20AD7DBF24BB45A7002733A4 /* HealthMonitor.xcdatamodeld */ = {
			isa = XCVersionGroup;
			children = (
				20AD7DC024BB45A7002733A4 /* HealthMonitor.xcdatamodel */,
			);
			currentVersion = 20AD7DC024BB45A7002733A4 /* HealthMonitor.xcdatamodel */;
			path = HealthMonitor.xcdatamodeld;
			sourceTree = "<group>";
			versionGroupType = wrapper.xcdatamodel;
		};
/* End XCVersionGroup section */
	};
	rootObject = 20AD7DB024BB45A7002733A4 /* Project object */;
}
